lockfile_version: '1'
generated_at: '2026-09-06T00:50:17.742387+00:00'
apm_version: 0.15.0
dependencies:
- repo_url: Netcracker/qubership-ai-packages
  host: github.com
  resolved_commit: 3eee3aa9452514738d1936e79cbeca1748046b74
  virtual_path: agent-packages/qubership-repo-essentials
  is_virtual: true
  package_type: apm_package
  deployed_files:
  - .claude/rules/qubership-repo-essentials.md
  - .cursor/rules/qubership-repo-essentials.mdc
  deployed_file_hashes:
    .claude/rules/qubership-repo-essentials.md: sha256:bc99c3336458e72fc25786fc2d56588a98c351465e456c6b0507e703bcb3ea79
    .cursor/rules/qubership-repo-essentials.mdc: sha256:caeb3abf7efd34b525527134c1cab9db55108061d60d0f756123c7dfcd17a522
  content_hash: sha256:c7a10e53910971c359c13757b0445d493a61be0545e2b04550c556068d3f5a28
- repo_url: Netcracker/qubership-ai-packages
  host: github.com
  resolved_commit: 2925e6e57848f10e27f98956b89284c1212e6c98
  resolved_ref: 2925e6e57848f10e27f98956b89284c1212e6c98
  virtual_path: agent-packages/apm-authoring
  is_virtual: true
  package_type: apm_package
  deployed_files:
  - .agents/skills/apm-authoring
  - .claude/rules/apm-authoring.md
  - .claude/skills/apm-authoring
  - .cursor/rules/apm-authoring.mdc
  content_hash: sha256:1d731d0a26376eda0b82629e6e1cff1b41dfeae13fe8d7e5debb24a1699ea4a8
- repo_url: Netcracker/qubership-ai-packages
  host: github.com
  resolved_commit: 2925e6e57848f10e27f98956b89284c1212e6c98
  resolved_ref: 2925e6e57848f10e27f98956b89284c1212e6c98
  virtual_path: agent-packages/change-description-authoring
  is_virtual: true
  package_type: apm_package
  deployed_files:
  - .agents/skills/change-description-authoring
  - .claude/rules/change-description-authoring.md
  - .claude/skills/change-description-authoring
  - .cursor/rules/change-description-authoring.mdc
  deployed_file_hashes:
    .claude/rules/change-description-authoring.md: sha256:874c537436380c5a66a67ef11c9165141e5f27d7b055774fc941cff987e6beb2
    .cursor/rules/change-description-authoring.mdc: sha256:81b883bffdd73278a5332b1b63c7da712a7061f046a233886c8b417812cd055e
  content_hash: sha256:dc0dee1302733a6c1e60995acb0c9ed5a622276e0bf012e013345981d9ac2019
- repo_url: Netcracker/qubership-ai-packages
  host: github.com
  resolved_commit: 2925e6e57848f10e27f98956b89284c1212e6c98
  resolved_ref: 2925e6e57848f10e27f98956b89284c1212e6c98
  virtual_path: agent-packages/docs-page-authoring
  is_virtual: true
  package_type: apm_package
  deployed_files:
  - .agents/skills/docs-page-authoring
  - .claude/rules/docs-page-authoring.md
  - .claude/skills/docs-page-authoring
  - .cursor/rules/docs-page-authoring.mdc
  deployed_file_hashes:
    .claude/rules/docs-page-authoring.md: sha256:3122143e5091fafce44154675cafb0425361ffa79cee76192d0248ecf04d984f
    .cursor/rules/docs-page-authoring.mdc: sha256:06e448834c7090c7fc5291af08f45e82711e8fe7b24cf6d0e003b213a658dbec
  content_hash: sha256:16481ba4960f46420e4b7e42e63d26c4ddf82e4fa8e8ddddffb2c00cc4576ab9
- repo_url: Netcracker/qubership-ai-packages
  host: github.com
  resolved_commit: 2925e6e57848f10e27f98956b89284c1212e6c98
  resolved_ref: 2925e6e57848f10e27f98956b89284c1212e6c98
  virtual_path: agent-packages/english-us-developer-style
  is_virtual: true
  package_type: apm_package
  deployed_files:
  - .agents/skills/english-developer-style
  - .claude/rules/english-developer-style.md
  - .claude/skills/english-developer-style
  - .cursor/rules/english-developer-style.mdc
  deployed_file_hashes:
    .claude/rules/english-developer-style.md: sha256:2da9f6889756beb319a6395f3f363826d144b9b48c97d742cfd1a89ce0017d58
    .cursor/rules/english-developer-style.mdc: sha256:c7fa36005dd0bdbe2160ba98473582da331ba2b641bec40b97a624ad81d43aa2
  content_hash: sha256:f97efa2a8e0d5c1bd68ddf9f12a3dcf96d2b9b952d5e4aa968f0bc7c71767034
- repo_url: Netcracker/qubership-ai-packages
  host: github.com
  resolved_commit: 2925e6e57848f10e27f98956b89284c1212e6c98
  resolved_ref: 2925e6e57848f10e27f98956b89284c1212e6c98
  virtual_path: agent-packages/markdown-line-length-120
  is_virtual: true
  package_type: apm_package
  deployed_files:
  - .agents/skills/markdown-line-length-120
  - .claude/rules/markdown-line-length-120.md
  - .claude/skills/markdown-line-length-120
  - .cursor/rules/markdown-line-length-120.mdc
  deployed_file_hashes:
    .claude/rules/markdown-line-length-120.md: sha256:c8aca12283eb04c1cada89c4ecf4be1a499514ec806e2a5c42628927cfafc431
    .cursor/rules/markdown-line-length-120.mdc: sha256:53206655c47a82c505af0b708486e65b7db5ecde53078aad629ea30e55b6066d
  content_hash: sha256:1708d68b8f755365d1ec9a7904a284c23128737a497d4380f960e635a70c0de5
- repo_url: Netcracker/qubership-workflow-hub
  host: github.com
  resolved_commit: 3511065e91edef101ca84ed1c88cfef7120dface
  resolved_ref: 3511065e91edef101ca84ed1c88cfef7120dface
  virtual_path: agent-packages/qubership-workflow-hub-usage
  is_virtual: true
  package_type: apm_package
  deployed_files:
  - .agents/skills/qubership-actions-guide
  - .agents/skills/qubership-templates-guide
  - .agents/skills/qubership-workflow-conventions
  - .claude/rules/qubership-workflow-hub-usage.md
  - .claude/skills/qubership-actions-guide
  - .claude/skills/qubership-templates-guide
  - .claude/skills/qubership-workflow-conventions
  - .cursor/rules/qubership-workflow-hub-usage.mdc
  content_hash: sha256:6d135ff9b92ab29986cc6c64265e6f7abc3c4f223726ed4b1a429dc2556a2689
